
Microsoft Visual Studio Solution File, Format Version 12.00
# Visual Studio Version 16
VisualStudioVersion = 16.0.31410.357
MinimumVisualStudioVersion = 10.0.40219.1
Project("{FAE04EC0-301F-11D3-BF4B-00C04F79EFBC}") = "UnitTestProject1", "UnitTestProject1\UnitTestProject1.csproj", "{A00BD6B3-F1CD-4FEC-A013-F886C7C198C7}"
EndProject
Project("{FAE04EC0-301F-11D3-BF4B-00C04F79EFBC}") = "ClassLibrary1", "ClassLibrary1\ClassLibrary1.csproj", "{5DCFBDEA-FA6D-4B18-9E0C-FB0F23D8A39F}"
EndProject
Global
	GlobalSection(SolutionConfigurationPlatforms) = preSolution
		Debug|Any CPU = Debug|Any CPU
		Release|Any CPU = Release|Any CPU
	EndGlobalSection
	GlobalSection(ProjectConfigurationPlatforms) = postSolution
		{A00BD6B3-F1CD-4FEC-A013-F886C7C198C7}.Debug|Any CPU.ActiveCfg = Debug|Any CPU
		{A00BD6B3-F1CD-4FEC-A013-F886C7C198C7}.Debug|Any CPU.Build.0 = Debug|Any CPU
		{A00BD6B3-F1CD-4FEC-A013-F886C7C198C7}.Release|Any CPU.ActiveCfg = Release|Any CPU
		{A00BD6B3-F1CD-4FEC-A013-F886C7C198C7}.Release|Any CPU.Build.0 = Release|Any CPU
		{5DCFBDEA-FA6D-4B18-9E0C-FB0F23D8A39F}.Debug|Any CPU.ActiveCfg = Debug|Any CPU
		{5DCFBDEA-FA6D-4B18-9E0C-FB0F23D8A39F}.Debug|Any CPU.Build.0 = Debug|Any CPU
		{5DCFBDEA-FA6D-4B18-9E0C-FB0F23D8A39F}.Release|Any CPU.ActiveCfg = Release|Any CPU
		{5DCFBDEA-FA6D-4B18-9E0C-FB0F23D8A39F}.Release|Any CPU.Build.0 = Release|Any CPU
	EndGlobalSection
	GlobalSection(SolutionProperties) = preSolution
		HideSolutionNode = FALSE
	EndGlobalSection
	GlobalSection(ExtensibilityGlobals) = postSolution
		SolutionGuid = {FA37DD3D-EDFF-496A-85AC-E3E08001342F}
	EndGlobalSection
EndGlobal
